
Microsoft Visual Studio Solution File, Format Version 12.00
# Visual Studio 15
VisualStudioVersion = 15.0.27130.2024
MinimumVisualStudioVersion = 10.0.40219.1
Project("{FAE04EC0-301F-11D3-BF4B-00C04F79EFBC}") = "TextBoxDefault", "TextBoxDefault\TextBoxDefault.csproj", "{DB19C232-EDF2-4BEA-88B4-A4271CB94021}"
EndProject
Global
	GlobalSection(SolutionConfigurationPlatforms) = preSolution
		Debug|Any CPU = Debug|Any CPU
		Release|Any CPU = Release|Any CPU
	EndGlobalSection
	GlobalSection(ProjectConfigurationPlatforms) = postSolution
		{DB19C232-EDF2-4BEA-88B4-A4271CB94021}.Debug|Any CPU.ActiveCfg = Debug|Any CPU
		{DB19C232-EDF2-4BEA-88B4-A4271CB94021}.Debug|Any CPU.Build.0 = Debug|Any CPU
		{DB19C232-EDF2-4BEA-88B4-A4271CB94021}.Release|Any CPU.ActiveCfg = Release|Any CPU
		{DB19C232-EDF2-4BEA-88B4-A4271CB94021}.Release|Any CPU.Build.0 = Release|Any CPU
	EndGlobalSection
	GlobalSection(SolutionProperties) = preSolution
		HideSolutionNode = FALSE
	EndGlobalSection
	GlobalSection(ExtensibilityGlobals) = postSolution
		SolutionGuid = {F4D54EBE-9018-4C02-B600-3B167AE40756}
	EndGlobalSection
EndGlobal
